// !$*UTF8*$!
{
	archiveVersion = 1;
	classes = {
	};
	objectVersion = 56;
	objects = {

/* Begin PBXBuildFile section */
		76CF900729C2EA4900C2B43F /* AppDelegate.swift in Sources */ = {isa = PBXBuildFile; fileRef = 76CF900629C2EA4900C2B43F /* AppDelegate.swift */; };
		76CF900929C2EA4900C2B43F /* SceneDelegate.swift in Sources */ = {isa = PBXBuildFile; fileRef = 76CF900829C2EA4900C2B43F /* SceneDelegate.swift */; };
		76CF900B29C2EA4900C2B43F /* ViewController.swift in Sources */ = {isa = PBXBuildFile; fileRef = 76CF900A29C2EA4900C2B43F /* ViewController.swift */; };
		76CF900E29C2EA4900C2B43F /* Main.storyboard in Resources */ = {isa = PBXBuildFile; fileRef = 76CF900C29C2EA4900C2B43F /* Main.storyboard */; };
		76CF901029C2EA4A00C2B43F /* Assets.xcassets in Resources */ = {isa = PBXBuildFile; fileRef = 76CF900F29C2EA4A00C2B43F /* Assets.xcassets */; };
		76CF901329C2EA4A00C2B43F /* LaunchScreen.storyboard in Resources */ = {isa = PBXBuildFile; fileRef = 76CF901129C2EA4A00C2B43F /* LaunchScreen.storyboard */; };
		76CF901F29C2EBC600C2B43F /* SpringAnimation in Frameworks */ = {isa = PBXBuildFile; productRef = 76CF901E29C2EBC600C2B43F /* SpringAnimation */; };
		76CF902229C2F14B00C2B43F /* Animation.swift in Sources */ = {isa = PBXBuildFile; fileRef = 76CF902129C2F14B00C2B43F /* Animation.swift */; };
		76CF902529C2F1CC00C2B43F /* DataManager.swift in Sources */ = {isa = PBXBuildFile; fileRef = 76CF902429C2F1CC00C2B43F /* DataManager.swift */; };
/* End PBXBuildFile section */

/* Begin PBXFileReference section */
		76CF900329C2EA4900C2B43F /* HW 3.1.app */ = {isa = PBXFileReference; explicitFileType = wrapper.application; includeInIndex = 0; path = "HW 3.1.app"; sourceTree = BUILT_PRODUCTS_DIR; };
		76CF900629C2EA4900C2B43F /* AppDelegate.swift */ = {isa = PBXFileReference; lastKnownFileType = sourcecode.swift; path = AppDelegate.swift; sourceTree = "<group>"; };
		76CF900829C2EA4900C2B43F /* SceneDelegate.swift */ = {isa = PBXFileReference; lastKnownFileType = sourcecode.swift; path = SceneDelegate.swift; sourceTree = "<group>"; };
		76CF900A29C2EA4900C2B43F /* ViewController.swift */ = {isa = PBXFileReference; lastKnownFileType = sourcecode.swift; path = ViewController.swift; sourceTree = "<group>"; };
		76CF900D29C2EA4900C2B43F /* Base */ = {isa = PBXFileReference; lastKnownFileType = file.storyboard; name = Base; path = Base.lproj/Main.storyboard; sourceTree = "<group>"; };
		76CF900F29C2EA4A00C2B43F /* Assets.xcassets */ = {isa = PBXFileReference; lastKnownFileType = folder.assetcatalog; path = Assets.xcassets; sourceTree = "<group>"; };
		76CF901229C2EA4A00C2B43F /* Base */ = {isa = PBXFileReference; lastKnownFileType = file.storyboard; name = Base; path = Base.lproj/LaunchScreen.storyboard; sourceTree = "<group>"; };
		76CF901429C2EA4A00C2B43F /* Info.plist */ = {isa = PBXFileReference; lastKnownFileType = text.plist.xml; path = Info.plist; sourceTree = "<group>"; };
		76CF902129C2F14B00C2B43F /* Animation.swift */ = {isa = PBXFileReference; lastKnownFileType = sourcecode.swift; path = Animation.swift; sourceTree = "<group>"; };
		76CF902429C2F1CC00C2B43F /* DataManager.swift */ = {isa = PBXFileReference; lastKnownFileType = sourcecode.swift; path = DataManager.swift; sourceTree = "<group>"; };
/* End PBXFileReference section */

/* Begin PBXFrameworksBuildPhase section */
		76CF900029C2EA4900C2B43F /* Frameworks */ = {
			isa = PBXFrameworksBuildPhase;
			buildActionMask = 2147483647;
			files = (
				76CF901F29C2EBC600C2B43F /* SpringAnimation in Frameworks */,
			);
			runOnlyForDeploymentPostprocessing = 0;
		};
/* End PBXFrameworksBuildPhase section */

/* Begin PBXGroup section */
		76CF8FFA29C2EA4900C2B43F = {
			isa = PBXGroup;
			children = (
				76CF900529C2EA4900C2B43F /* HW 3.1 */,
				76CF900429C2EA4900C2B43F /* Products */,
			);
			sourceTree = "<group>";
		};
		76CF900429C2EA4900C2B43F /* Products */ = {
			isa = PBXGroup;
			children = (
				76CF900329C2EA4900C2B43F /* HW 3.1.app */,
			);
			name = Products;
			sourceTree = "<group>";
		};
		76CF900529C2EA4900C2B43F /* HW 3.1 */ = {
			isa = PBXGroup;
			children = (
				76CF901A29C2EABC00C2B43F /* App */,
				76CF902329C2F1B700C2B43F /* DataManager */,
				76CF902029C2F12400C2B43F /* Models */,
				76CF901C29C2EAF800C2B43F /* ViewControllers */,
				76CF901B29C2EAE900C2B43F /* Storyboard */,
				76CF900F29C2EA4A00C2B43F /* Assets.xcassets */,
			);
			path = "HW 3.1";
			sourceTree = "<group>";
		};
		76CF901A29C2EABC00C2B43F /* App */ = {
			isa = PBXGroup;
			children = (
				76CF900629C2EA4900C2B43F /* AppDelegate.swift */,
				76CF900829C2EA4900C2B43F /* SceneDelegate.swift */,
				76CF901429C2EA4A00C2B43F /* Info.plist */,
			);
			path = App;
			sourceTree = "<group>";
		};
		76CF901B29C2EAE900C2B43F /* Storyboard */ = {
			isa = PBXGroup;
			children = (
				76CF900C29C2EA4900C2B43F /* Main.storyboard */,
				76CF901129C2EA4A00C2B43F /* LaunchScreen.storyboard */,
			);
			path = Storyboard;
			sourceTree = "<group>";
		};
		76CF901C29C2EAF800C2B43F /* ViewControllers */ = {
			isa = PBXGroup;
			children = (
				76CF900A29C2EA4900C2B43F /* ViewController.swift */,
			);
			path = ViewControllers;
			sourceTree = "<group>";
		};
		76CF902029C2F12400C2B43F /* Models */ = {
			isa = PBXGroup;
			children = (
				76CF902129C2F14B00C2B43F /* Animation.swift */,
			);
			path = Models;
			sourceTree = "<group>";
		};
		76CF902329C2F1B700C2B43F /* DataManager */ = {
			isa = PBXGroup;
			children = (
				76CF902429C2F1CC00C2B43F /* DataManager.swift */,
			);
			path = DataManager;
			sourceTree = "<group>";
		};
/* End PBXGroup section */

/* Begin PBXNativeTarget section */
		76CF900229C2EA4900C2B43F /* HW 3.1 */ = {
			isa = PBXNativeTarget;
			buildConfigurationList = 76CF901729C2EA4A00C2B43F /* Build configuration list for PBXNativeTarget "HW 3.1" */;
			buildPhases = (
				76CF8FFF29C2EA4900C2B43F /* Sources */,
				76CF900029C2EA4900C2B43F /* Frameworks */,
				76CF900129C2EA4900C2B43F /* Resources */,
			);
			buildRules = (
			);
			dependencies = (
			);
			name = "HW 3.1";
			packageProductDependencies = (
				76CF901E29C2EBC600C2B43F /* SpringAnimation */,
			);
			productName = "HW 3.1";
			productReference = 76CF900329C2EA4900C2B43F /* HW 3.1.app */;
			productType = "com.apple.product-type.application";
		};
/* End PBXNativeTarget section */

/* Begin PBXProject section */
		76CF8FFB29C2EA4900C2B43F /* Project object */ = {
			isa = PBXProject;
			attributes = {
				BuildIndependentTargetsInParallel = 1;
				LastSwiftUpdateCheck = 1420;
				LastUpgradeCheck = 1420;
				TargetAttributes = {
					76CF900229C2EA4900C2B43F = {
						CreatedOnToolsVersion = 14.2;
					};
				};
			};
			buildConfigurationList = 76CF8FFE29C2EA4900C2B43F /* Build configuration list for PBXProject "HW 3.1" */;
			compatibilityVersion = "Xcode 14.0";
			developmentRegion = en;
			hasScannedForEncodings = 0;
			knownRegions = (
				en,
				Base,
			);
			mainGroup = 76CF8FFA29C2EA4900C2B43F;
			packageReferences = (
				76CF901D29C2EBC600C2B43F /* XCRemoteSwiftPackageReference "SpringAnimation" */,
			);
			productRefGroup = 76CF900429C2EA4900C2B43F /* Products */;
			projectDirPath = "";
			projectRoot = "";
			targets = (
				76CF900229C2EA4900C2B43F /* HW 3.1 */,
			);
		};
/* End PBXProject section */

/* Begin PBXResourcesBuildPhase section */
		76CF900129C2EA4900C2B43F /* Resources */ = {
			isa = PBXResourcesBuildPhase;
			buildActionMask = 2147483647;
			files = (
				76CF901329C2EA4A00C2B43F /* LaunchScreen.storyboard in Resources */,
				76CF901029C2EA4A00C2B43F /* Assets.xcassets in Resources */,
				76CF900E29C2EA4900C2B43F /* Main.storyboard in Resources */,
			);
			runOnlyForDeploymentPostprocessing = 0;
		};
/* End PBXResourcesBuildPhase section */

/* Begin PBXSourcesBuildPhase section */
		76CF8FFF29C2EA4900C2B43F /* Sources */ = {
			isa = PBXSourcesBuildPhase;
			buildActionMask = 2147483647;
			files = (
				76CF900B29C2EA4900C2B43F /* ViewController.swift in Sources */,
				76CF902529C2F1CC00C2B43F /* DataManager.swift in Sources */,
				76CF900729C2EA4900C2B43F /* AppDelegate.swift in Sources */,
				76CF902229C2F14B00C2B43F /* Animation.swift in Sources */,
				76CF900929C2EA4900C2B43F /* SceneDelegate.swift in Sources */,
			);
			runOnlyForDeploymentPostprocessing = 0;
		};
/* End PBXSourcesBuildPhase section */

/* Begin PBXVariantGroup section */
		76CF900C29C2EA4900C2B43F /* Main.storyboard */ = {
			isa = PBXVariantGroup;
			children = (
				76CF900D29C2EA4900C2B43F /* Base */,
			);
			name = Main.storyboard;
			sourceTree = "<group>";
		};
		76CF901129C2EA4A00C2B43F /* LaunchScreen.storyboard */ = {
			isa = PBXVariantGroup;
			children = (
				76CF901229C2EA4A00C2B43F /* Base */,
			);
			name = LaunchScreen.storyboard;
			sourceTree = "<group>";
		};
/* End PBXVariantGroup section */

/* Begin XCBuildConfiguration section */
		76CF901529C2EA4A00C2B43F /* Debug */ = {
			isa = XCBuildConfiguration;
			buildSettings = {
				ALWAYS_SEARCH_USER_PATHS = NO;
				CLANG_ANALYZER_NONNULL = YES;
				CLANG_ANALYZER_NUMBER_OBJECT_CONVERSION = YES_AGGRESSIVE;
				CLANG_CXX_LANGUAGE_STANDARD = "gnu++20";
				CLANG_ENABLE_MODULES = YES;
				CLANG_ENABLE_OBJC_ARC = YES;
				CLANG_ENABLE_OBJC_WEAK = YES;
				CLANG_WARN_BLOCK_CAPTURE_AUTORELEASING = YES;
				CLANG_WARN_BOOL_CONVERSION = YES;
				CLANG_WARN_COMMA = YES;
				CLANG_WARN_CONSTANT_CONVERSION = YES;
				CLANG_WARN_DEPRECATED_OBJC_IMPLEMENTATIONS = YES;
				CLANG_WARN_DIRECT_OBJC_ISA_USAGE = YES_ERROR;
				CLANG_WARN_DOCUMENTATION_COMMENTS = YES;
				CLANG_WARN_EMPTY_BODY = YES;
				CLANG_WARN_ENUM_CONVERSION = YES;
				CLANG_WARN_INFINITE_RECURSION = YES;
				CLANG_WARN_INT_CONVERSION = YES;
				CLANG_WARN_NON_LITERAL_NULL_CONVERSION = YES;
				CLANG_WARN_OBJC_IMPLICIT_RETAIN_SELF = YES;
				CLANG_WARN_OBJC_LITERAL_CONVERSION = YES;
				CLANG_WARN_OBJC_ROOT_CLASS = YES_ERROR;
				CLANG_WARN_QUOTED_INCLUDE_IN_FRAMEWORK_HEADER = YES;
				CLANG_WARN_RANGE_LOOP_ANALYSIS = YES;
				CLANG_WARN_STRICT_PROTOTYPES = YES;
				CLANG_WARN_SUSPICIOUS_MOVE = YES;
				CLANG_WARN_UNGUARDED_AVAILABILITY = YES_AGGRESSIVE;
				CLANG_WARN_UNREACHABLE_CODE = YES;
				CLANG_WARN__DUPLICATE_METHOD_MATCH = YES;
				COPY_PHASE_STRIP = NO;
				DEBUG_INFORMATION_FORMAT = dwarf;
				ENABLE_STRICT_OBJC_MSGSEND = YES;
				ENABLE_TESTABILITY = YES;
				GCC_C_LANGUAGE_STANDARD = gnu11;
				GCC_DYNAMIC_NO_PIC = NO;
				GCC_NO_COMMON_BLOCKS = YES;
				GCC_OPTIMIZATION_LEVEL = 0;
				GCC_PREPROCESSOR_DEFINITIONS = (
					"DEBUG=1",
					"$(inherited)",
				);
				GCC_WARN_64_TO_32_BIT_CONVERSION = YES;
				GCC_WARN_ABOUT_RETURN_TYPE = YES_ERROR;
				GCC_WARN_UNDECLARED_SELECTOR = YES;
				GCC_WARN_UNINITIALIZED_AUTOS = YES_AGGRESSIVE;
				GCC_WARN_UNUSED_FUNCTION = YES;
				GCC_WARN_UNUSED_VARIABLE = YES;
				IPHONEOS_DEPLOYMENT_TARGET = 16.2;
				MTL_ENABLE_DEBUG_INFO = INCLUDE_SOURCE;
				MTL_FAST_MATH = YES;
				ONLY_ACTIVE_ARCH = YES;
				SDKROOT = iphoneos;
				SWIFT_ACTIVE_COMPILATION_CONDITIONS = DEBUG;
				SWIFT_OPTIMIZATION_LEVEL = "-Onone";
			};
			name = Debug;
		};
		76CF901629C2EA4A00C2B43F /* Release */ = {
			isa = XCBuildConfiguration;
			buildSettings = {
				ALWAYS_SEARCH_USER_PATHS = NO;
				CLANG_ANALYZER_NONNULL = YES;
				CLANG_ANALYZER_NUMBER_OBJECT_CONVERSION = YES_AGGRESSIVE;
				CLANG_CXX_LANGUAGE_STANDARD = "gnu++20";
				CLANG_ENABLE_MODULES = YES;
				CLANG_ENABLE_OBJC_ARC = YES;
				CLANG_ENABLE_OBJC_WEAK = YES;
				CLANG_WARN_BLOCK_CAPTURE_AUTORELEASING = YES;
				CLANG_WARN_BOOL_CONVERSION = YES;
				CLANG_WARN_COMMA = YES;
				CLANG_WARN_CONSTANT_CONVERSION = YES;
				CLANG_WARN_DEPRECATED_OBJC_IMPLEMENTATIONS = YES;
				CLANG_WARN_DIRECT_OBJC_ISA_USAGE = YES_ERROR;
				CLANG_WARN_DOCUMENTATION_COMMENTS = YES;
				CLANG_WARN_EMPTY_BODY = YES;
				CLANG_WARN_ENUM_CONVERSION = YES;
				CLANG_WARN_INFINITE_RECURSION = YES;
				CLANG_WARN_INT_CONVERSION = YES;
				CLANG_WARN_NON_LITERAL_NULL_CONVERSION = YES;
				CLANG_WARN_OBJC_IMPLICIT_RETAIN_SELF = YES;
				CLANG_WARN_OBJC_LITERAL_CONVERSION = YES;
				CLANG_WARN_OBJC_ROOT_CLASS = YES_ERROR;
				CLANG_WARN_QUOTED_INCLUDE_IN_FRAMEWORK_HEADER = YES;
				CLANG_WARN_RANGE_LOOP_ANALYSIS = YES;
				CLANG_WARN_STRICT_PROTOTYPES = YES;
				CLANG_WARN_SUSPICIOUS_MOVE = YES;
				CLANG_WARN_UNGUARDED_AVAILABILITY = YES_AGGRESSIVE;
				CLANG_WARN_UNREACHABLE_CODE = YES;
				CLANG_WARN__DUPLICATE_METHOD_MATCH = YES;
				COPY_PHASE_STRIP = NO;
				DEBUG_INFORMATION_FORMAT = "dwarf-with-dsym";
				ENABLE_NS_ASSERTIONS = NO;
				ENABLE_STRICT_OBJC_MSGSEND = YES;
				GCC_C_LANGUAGE_STANDARD = gnu11;
				GCC_NO_COMMON_BLOCKS = YES;
				GCC_WARN_64_TO_32_BIT_CONVERSION = YES;
				GCC_WARN_ABOUT_RETURN_TYPE = YES_ERROR;
				GCC_WARN_UNDECLARED_SELECTOR = YES;
				GCC_WARN_UNINITIALIZED_AUTOS = YES_AGGRESSIVE;
				GCC_WARN_UNUSED_FUNCTION = YES;
				GCC_WARN_UNUSED_VARIABLE = YES;
				IPHONEOS_DEPLOYMENT_TARGET = 16.2;
				MTL_ENABLE_DEBUG_INFO = NO;
				MTL_FAST_MATH = YES;
				SDKROOT = iphoneos;
				SWIFT_COMPILATION_MODE = wholemodule;
				SWIFT_OPTIMIZATION_LEVEL = "-O";
				VALIDATE_PRODUCT = YES;
			};
			name = Release;
		};
		76CF901829C2EA4A00C2B43F /* Debug */ = {
			isa = XCBuildConfiguration;
			buildSettings = {
				ASSETCATALOG_COMPILER_APPICON_NAME = AppIcon;
				ASSETCATALOG_COMPILER_GLOBAL_ACCENT_COLOR_NAME = AccentColor;
				CODE_SIGN_STYLE = Automatic;
				CURRENT_PROJECT_VERSION = 1;
				DEVELOPMENT_TEAM = N85MKK397C;
				GENERATE_INFOPLIST_FILE = YES;
				INFOPLIST_FILE = "HW 3.1/App/Info.plist";
				INFOPLIST_KEY_UIApplicationSupportsIndirectInputEvents = YES;
				INFOPLIST_KEY_UILaunchStoryboardName = LaunchScreen;
				INFOPLIST_KEY_UIMainStoryboardFile = Main;
				INFOPLIST_KEY_UISupportedInterfaceOrientations_iPad = "UIInterfaceOrientationPortrait UIInterfaceOrientationPortraitUpsideDown UIInterfaceOrientationLandscapeLeft UIInterfaceOrientationLandscapeRight";
				INFOPLIST_KEY_UISupportedInterfaceOrientations_iPhone = "UIInterfaceOrientationPortrait UIInterfaceOrientationLandscapeLeft UIInterfaceOrientationLandscapeRight";
				LD_RUNPATH_SEARCH_PATHS = (
					"$(inherited)",
					"@executable_path/Frameworks",
				);
				MARKETING_VERSION = 1.0;
				PRODUCT_BUNDLE_IDENTIFIER = "maksim.gurkov.HW-3-1";
				PRODUCT_NAME = "$(TARGET_NAME)";
				SUPPORTED_PLATFORMS = "iphoneos iphonesimulator";
				SUPPORTS_MACCATALYST = NO;
				SUPPORTS_MAC_DESIGNED_FOR_IPHONE_IPAD = NO;
				SWIFT_EMIT_LOC_STRINGS = YES;
				SWIFT_VERSION = 5.0;
				TARGETED_DEVICE_FAMILY = 1;
			};
			name = Debug;
		};
		76CF901929C2EA4A00C2B43F /* Release */ = {
			isa = XCBuildConfiguration;
			buildSettings = {
				ASSETCATALOG_COMPILER_APPICON_NAME = AppIcon;
				ASSETCATALOG_COMPILER_GLOBAL_ACCENT_COLOR_NAME = AccentColor;
				CODE_SIGN_STYLE = Automatic;
				CURRENT_PROJECT_VERSION = 1;
				DEVELOPMENT_TEAM = N85MKK397C;
				GENERATE_INFOPLIST_FILE = YES;
				INFOPLIST_FILE = "HW 3.1/App/Info.plist";
				INFOPLIST_KEY_UIApplicationSupportsIndirectInputEvents = YES;
				INFOPLIST_KEY_UILaunchStoryboardName = LaunchScreen;
				INFOPLIST_KEY_UIMainStoryboardFile = Main;
				INFOPLIST_KEY_UISupportedInterfaceOrientations_iPad = "UIInterfaceOrientationPortrait UIInterfaceOrientationPortraitUpsideDown UIInterfaceOrientationLandscapeLeft UIInterfaceOrientationLandscapeRight";
				INFOPLIST_KEY_UISupportedInterfaceOrientations_iPhone = "UIInterfaceOrientationPortrait UIInterfaceOrientationLandscapeLeft UIInterfaceOrientationLandscapeRight";
				LD_RUNPATH_SEARCH_PATHS = (
					"$(inherited)",
					"@executable_path/Frameworks",
				);
				MARKETING_VERSION = 1.0;
				PRODUCT_BUNDLE_IDENTIFIER = "maksim.gurkov.HW-3-1";
				PRODUCT_NAME = "$(TARGET_NAME)";
				SUPPORTED_PLATFORMS = "iphoneos iphonesimulator";
				SUPPORTS_MACCATALYST = NO;
				SUPPORTS_MAC_DESIGNED_FOR_IPHONE_IPAD = NO;
				SWIFT_EMIT_LOC_STRINGS = YES;
				SWIFT_VERSION = 5.0;
				TARGETED_DEVICE_FAMILY = 1;
			};
			name = Release;
		};
/* End XCBuildConfiguration section */

/* Begin XCConfigurationList section */
		76CF8FFE29C2EA4900C2B43F /* Build configuration list for PBXProject "HW 3.1" */ = {
			isa = XCConfigurationList;
			buildConfigurations = (
				76CF901529C2EA4A00C2B43F /* Debug */,
				76CF901629C2EA4A00C2B43F /* Release */,
			);
			defaultConfigurationIsVisible = 0;
			defaultConfigurationName = Release;
		};
		76CF901729C2EA4A00C2B43F /* Build configuration list for PBXNativeTarget "HW 3.1" */ = {
			isa = XCConfigurationList;
			buildConfigurations = (
				76CF901829C2EA4A00C2B43F /* Debug */,
				76CF901929C2EA4A00C2B43F /* Release */,
			);
			defaultConfigurationIsVisible = 0;
			defaultConfigurationName = Release;
		};
/* End XCConfigurationList section */

/* Begin XCRemoteSwiftPackageReference section */
		76CF901D29C2EBC600C2B43F /* XCRemoteSwiftPackageReference "SpringAnimation" */ = {
			isa = XCRemoteSwiftPackageReference;
			repositoryURL = "https://github.com/LexDeBash/SpringAnimation.git";
			requirement = {
				kind = upToNextMinorVersion;
				minimumVersion = 0.3.0;
			};
		};
/* End XCRemoteSwiftPackageReference section */

/* Begin XCSwiftPackageProductDependency section */
		76CF901E29C2EBC600C2B43F /* SpringAnimation */ = {
			isa = XCSwiftPackageProductDependency;
			package = 76CF901D29C2EBC600C2B43F /* XCRemoteSwiftPackageReference "SpringAnimation" */;
			productName = SpringAnimation;
		};
/* End XCSwiftPackageProductDependency section */
	};
	rootObject = 76CF8FFB29C2EA4900C2B43F /* Project object */;
}
